{
  "version": 4,
  "terraform_version": "1.14.9",
  "serial": 54,
  "lineage": "b9084802-4b71-6a0a-0b85-83003cc0d99f",
  "outputs": {},
  "resources": [
    {
      "module": "module.my_web_servers[\"dev-web-01\"]",
      "mode": "managed",
      "type": "local_file",
      "name": "web_server_info",
      "provider": "provider[\"registry.terraform.io/hashicorp/local\"]",
      "instances": [
        {
          "schema_version": 0,
          "attributes": {
            "content": "Welcome to dev-web-01!",
            "content_base64": null,
            "content_base64sha256": "RkNky5F9JODXmEzr5c0aaec694vKO612Tn5iFU0o8Zc=",
            "content_base64sha512": "L7oRn77A+H6r3QX48at8TeNzq334qkGQRTojdMzb5SxVFMHRpWfsNLAnQWcCWvP6hukiTtjlwZVIxCf2nWSOFg==",
            "content_md5": "2527ab8d58300bab0fa1e2eb14e9eb5b",
            "content_sha1": "9584b1abff5f8c3bef8c192cdf02f3ba3fec1ea0",
            "content_sha256": "464364cb917d24e0d7984cebe5cd1a69e73af78bca3bad764e7e62154d28f197",
            "content_sha512": "2fba119fbec0f87eabdd05f8f1ab7c4de373ab7df8aa4190453a2374ccdbe52c5514c1d1a567ec34b0274167025af3fa86e9224ed8e5c19548c427f69d648e16",
            "directory_permission": "0777",
            "file_permission": "0777",
            "filename": "modules/web-server/../../dev-web-01.txt",
            "id": "9584b1abff5f8c3bef8c192cdf02f3ba3fec1ea0",
            "sensitive_content": null,
            "source": null
          },
          "sensitive_attributes": [
            [
              {
                "type": "get_attr",
                "value": "sensitive_content"
              }
            ]
          ],
          "identity_schema_version": 0
        }
      ]
    },
    {
      "module": "module.my_web_servers[\"dev-web-02\"]",
      "mode": "managed",
      "type": "local_file",
      "name": "web_server_info",
      "provider": "provider[\"registry.terraform.io/hashicorp/local\"]",
      "instances": [
        {
          "schema_version": 0,
          "attributes": {
            "content": "Welcome to dev-web-02!",
            "content_base64": null,
            "content_base64sha256": "xtyGQOH+oxLVqm7mFbgHLQy6kIB/EvKNe3Un4nq7XRo=",
            "content_base64sha512": "W6aBTAjB1FFOehBnbMhfBwrfmidZAYHY2ibn2MwMF8DXKRX+D5/97O5TP1+oYvB13vhvGgGonk1Pcff6CBonJw==",
            "content_md5": "9d179a78ca0da87c6995b2387be512a9",
            "content_sha1": "554b1c3d87c4bb5f428c747b199b695d026f3f48",
            "content_sha256": "c6dc8640e1fea312d5aa6ee615b8072d0cba90807f12f28d7b7527e27abb5d1a",
            "content_sha512": "5ba6814c08c1d4514e7a10676cc85f070adf9a27590181d8da26e7d8cc0c17c0d72915fe0f9ffdecee533f5fa862f075def86f1a01a89e4d4f71f7fa081a2727",
            "directory_permission": "0777",
            "file_permission": "0777",
            "filename": "modules/web-server/../../dev-web-02.txt",
            "id": "554b1c3d87c4bb5f428c747b199b695d026f3f48",
            "sensitive_content": null,
            "source": null
          },
          "sensitive_attributes": [
            [
              {
                "type": "get_attr",
                "value": "sensitive_content"
              }
            ]
          ],
          "identity_schema_version": 0
        }
      ]
    },
    {
      "module": "module.my_web_servers[\"prod-web-01\"]",
      "mode": "managed",
      "type": "local_file",
      "name": "web_server_info",
      "provider": "provider[\"registry.terraform.io/hashicorp/local\"]",
      "instances": [
        {
          "schema_version": 0,
          "attributes": {
            "content": "Welcome to prod-web-01!",
            "content_base64": null,
            "content_base64sha256": "nKUqF0ziNTCt+nhw5/JvC7ZuDYttQH1byvHTPtOJp50=",
            "content_base64sha512": "iI4jy/GPi6aK1HZDiutcEtg6I31H04mcblB33QJNy7sXBflCW711YEsSucHr/T1zFXirIaJ1rg4DGNpqkuNXWw==",
            "content_md5": "e95dd9c2647af654f3aaf50b98f91004",
            "content_sha1": "12a09011eaf813d96eab60530141458bf8748662",
            "content_sha256": "9ca52a174ce23530adfa7870e7f26f0bb66e0d8b6d407d5bcaf1d33ed389a79d",
            "content_sha512": "888e23cbf18f8ba68ad476438aeb5c12d83a237d47d3899c6e5077dd024dcbbb1705f9425bbd75604b12b9c1ebfd3d731578ab21a275ae0e0318da6a92e3575b",
            "directory_permission": "0777",
            "file_permission": "0777",
            "filename": "modules/web-server/../../prod-web-01.txt",
            "id": "12a09011eaf813d96eab60530141458bf8748662",
            "sensitive_content": null,
            "source": null
          },
          "sensitive_attributes": [
            [
              {
                "type": "get_attr",
                "value": "sensitive_content"
              }
            ]
          ],
          "identity_schema_version": 0
        }
      ]
    }
  ],
  "check_results": null
}
